
Microsoft Visual Studio Solution File, Format Version 12.00
# Visual Studio 15
VisualStudioVersion = 15.0.27428.2005
MinimumVisualStudioVersion = 10.0.40219.1
Project("{FAE04EC0-301F-11D3-BF4B-00C04F79EFBC}") = "SportsMeet", "SportsMeet\SportsMeet.csproj", "{C99E69E5-CE88-445A-A66A-E86E61D9DFAB}"
	ProjectSection(ProjectDependencies) = postProject
		{E15D43E9-F99B-4006-8FBC-885FB5999DF7} = {E15D43E9-F99B-4006-8FBC-885FB5999DF7}
	EndProjectSection
EndProject
Project("{FAE04EC0-301F-11D3-BF4B-00C04F79EFBC}") = "MeetDataBaseGen", "MeetDataBaseGen\MeetDataBaseGen.csproj", "{E15D43E9-F99B-4006-8FBC-885FB5999DF7}"
EndProject
Project("{FAE04EC0-301F-11D3-BF4B-00C04F79EFBC}") = "SportsMeet.test", "SportsMeet.test\SportsMeet.test.csproj", "{80D5EEB6-1184-461B-A271-66E971077F67}"
EndProject
Global
	GlobalSection(SolutionConfigurationPlatforms) = preSolution
		All|Any CPU = All|Any CPU
		Debug|Any CPU = Debug|Any CPU
		Release|Any CPU = Release|Any CPU
	EndGlobalSection
	GlobalSection(ProjectConfigurationPlatforms) = postSolution
		{C99E69E5-CE88-445A-A66A-E86E61D9DFAB}.All|Any CPU.ActiveCfg = Release|Any CPU
		{C99E69E5-CE88-445A-A66A-E86E61D9DFAB}.All|Any CPU.Build.0 = Release|Any CPU
		{C99E69E5-CE88-445A-A66A-E86E61D9DFAB}.Debug|Any CPU.ActiveCfg = Debug|Any CPU
		{C99E69E5-CE88-445A-A66A-E86E61D9DFAB}.Debug|Any CPU.Build.0 = Debug|Any CPU
		{C99E69E5-CE88-445A-A66A-E86E61D9DFAB}.Release|Any CPU.ActiveCfg = Release|Any CPU
		{C99E69E5-CE88-445A-A66A-E86E61D9DFAB}.Release|Any CPU.Build.0 = Release|Any CPU
		{E15D43E9-F99B-4006-8FBC-885FB5999DF7}.All|Any CPU.ActiveCfg = Release|Any CPU
		{E15D43E9-F99B-4006-8FBC-885FB5999DF7}.All|Any CPU.Build.0 = Release|Any CPU
		{E15D43E9-F99B-4006-8FBC-885FB5999DF7}.Debug|Any CPU.ActiveCfg = Debug|Any CPU
		{E15D43E9-F99B-4006-8FBC-885FB5999DF7}.Debug|Any CPU.Build.0 = Debug|Any CPU
		{E15D43E9-F99B-4006-8FBC-885FB5999DF7}.Release|Any CPU.ActiveCfg = Release|Any CPU
		{E15D43E9-F99B-4006-8FBC-885FB5999DF7}.Release|Any CPU.Build.0 = Release|Any CPU
		{80D5EEB6-1184-461B-A271-66E971077F67}.All|Any CPU.ActiveCfg = Release|Any CPU
		{80D5EEB6-1184-461B-A271-66E971077F67}.All|Any CPU.Build.0 = Release|Any CPU
		{80D5EEB6-1184-461B-A271-66E971077F67}.Debug|Any CPU.ActiveCfg = Debug|Any CPU
		{80D5EEB6-1184-461B-A271-66E971077F67}.Debug|Any CPU.Build.0 = Debug|Any CPU
		{80D5EEB6-1184-461B-A271-66E971077F67}.Release|Any CPU.ActiveCfg = Release|Any CPU
		{80D5EEB6-1184-461B-A271-66E971077F67}.Release|Any CPU.Build.0 = Release|Any CPU
	EndGlobalSection
	GlobalSection(SolutionProperties) = preSolution
		HideSolutionNode = FALSE
	EndGlobalSection
	GlobalSection(ExtensibilityGlobals) = postSolution
		RESX_SortFileContentOnSave = True
		SolutionGuid = {657EC61F-63E7-4378-B3E5-5B90EAAD6D9F}
	EndGlobalSection
EndGlobal
